
Microsoft Visual Studio Solution File, Format Version 12.00
# Visual Studio 2012
Project("{FAE04EC0-301F-11D3-BF4B-00C04F79EFBC}") = "Excel a Mysql JCMM", "Excel a Mysql\Excel a Mysql.csproj", "{3B6EC137-5AA9-4720-B602-03DB1A7F4341}"
EndProject
Global
	GlobalSection(SolutionConfigurationPlatforms) = preSolution
		Debug|Any CPU = Debug|Any CPU
		Release|Any CPU = Release|Any CPU
	EndGlobalSection
	GlobalSection(ProjectConfigurationPlatforms) = postSolution
		{3B6EC137-5AA9-4720-B602-03DB1A7F4341}.Debug|Any CPU.ActiveCfg = Debug|Any CPU
		{3B6EC137-5AA9-4720-B602-03DB1A7F4341}.Debug|Any CPU.Build.0 = Debug|Any CPU
		{3B6EC137-5AA9-4720-B602-03DB1A7F4341}.Release|Any CPU.ActiveCfg = Release|Any CPU
		{3B6EC137-5AA9-4720-B602-03DB1A7F4341}.Release|Any CPU.Build.0 = Release|Any CPU
	EndGlobalSection
	GlobalSection(SolutionProperties) = preSolution
		HideSolutionNode = FALSE
	EndGlobalSection
EndGlobal
